// !$*UTF8*$!
{
	archiveVersion = 1;
	classes = {
	};
	objectVersion = 46;
	objects = {

/* Begin PBXBuildFile section */
		A1388A9318BCC89E00C07F5E /* Foundation.framework in Frameworks */ = {isa = PBXBuildFile; fileRef = A1388A9218BCC89E00C07F5E /* Foundation.framework */; };
		A1388A9518BCC89E00C07F5E /* CoreGraphics.framework in Frameworks */ = {isa = PBXBuildFile; fileRef = A1388A9418BCC89E00C07F5E /* CoreGraphics.framework */; };
		A1388A9718BCC89E00C07F5E /* UIKit.framework in Frameworks */ = {isa = PBXBuildFile; fileRef = A1388A9618BCC89E00C07F5E /* UIKit.framework */; };
		A1388A9D18BCC89E00C07F5E /* InfoPlist.strings in Resources */ = {isa = PBXBuildFile; fileRef = A1388A9B18BCC89E00C07F5E /* InfoPlist.strings */; };
		A1388A9F18BCC89E00C07F5E /* main.m in Sources */ = {isa = PBXBuildFile; fileRef = A1388A9E18BCC89E00C07F5E /* main.m */; };
		A1388AA318BCC89E00C07F5E /* AppDelegate.m in Sources */ = {isa = PBXBuildFile; fileRef = A1388AA218BCC89E00C07F5E /* AppDelegate.m */; };
		A1388AA618BCC89E00C07F5E /* Main.storyboard in Resources */ = {isa = PBXBuildFile; fileRef = A1388AA418BCC89E00C07F5E /* Main.storyboard */; };
		A1388AAB18BCC89E00C07F5E /* Images.xcassets in Resources */ = {isa = PBXBuildFile; fileRef = A1388AAA18BCC89E00C07F5E /* Images.xcassets */; };
		A1388AB218BCC89F00C07F5E /* XCTest.framework in Frameworks */ = {isa = PBXBuildFile; fileRef = A1388AB118BCC89F00C07F5E /* XCTest.framework */; };
		A1388AB318BCC89F00C07F5E /* Foundation.framework in Frameworks */ = {isa = PBXBuildFile; fileRef = A1388A9218BCC89E00C07F5E /* Foundation.framework */; };
		A1388AB418BCC89F00C07F5E /* UIKit.framework in Frameworks */ = {isa = PBXBuildFile; fileRef = A1388A9618BCC89E00C07F5E /* UIKit.framework */; };
		A1388ABC18BCC89F00C07F5E /* InfoPlist.strings in Resources */ = {isa = PBXBuildFile; fileRef = A1388ABA18BCC89F00C07F5E /* InfoPlist.strings */; };
		A1388ABE18BCC89F00C07F5E /* DevCampTests.m in Sources */ = {isa = PBXBuildFile; fileRef = A1388ABD18BCC89F00C07F5E /* DevCampTests.m */; };
		A1388AC918BCC92500C07F5E /* HomeViewController.m in Sources */ = {isa = PBXBuildFile; fileRef = A1388AC818BCC92500C07F5E /* HomeViewController.m */; };
		A1388ACE18BCCC7500C07F5E /* MapKit.framework in Frameworks */ = {isa = PBXBuildFile; fileRef = A1388ACD18BCCC7500C07F5E /* MapKit.framework */; };
/* End PBXBuildFile section */

/* Begin PBXContainerItemProxy section */
		A1388AB518BCC89F00C07F5E /* PBXContainerItemProxy */ = {
			isa = PBXContainerItemProxy;
			containerPortal = A1388A8718BCC89E00C07F5E /* Project object */;
			proxyType = 1;
			remoteGlobalIDString = A1388A8E18BCC89E00C07F5E;
			remoteInfo = DevCamp;
		};
/* End PBXContainerItemProxy section */

/* Begin PBXFileReference section */
		A1388A8F18BCC89E00C07F5E /* DevCamp.app */ = {isa = PBXFileReference; explicitFileType = wrapper.application; includeInIndex = 0; path = DevCamp.app; sourceTree = BUILT_PRODUCTS_DIR; };
		A1388A9218BCC89E00C07F5E /* Foundation.framework */ = {isa = PBXFileReference; lastKnownFileType = wrapper.framework; name = Foundation.framework; path = System/Library/Frameworks/Foundation.framework; sourceTree = SDKROOT; };
		A1388A9418BCC89E00C07F5E /* CoreGraphics.framework */ = {isa = PBXFileReference; lastKnownFileType = wrapper.framework; name = CoreGraphics.framework; path = System/Library/Frameworks/CoreGraphics.framework; sourceTree = SDKROOT; };
		A1388A9618BCC89E00C07F5E /* UIKit.framework */ = {isa = PBXFileReference; lastKnownFileType = wrapper.framework; name = UIKit.framework; path = System/Library/Frameworks/UIKit.framework; sourceTree = SDKROOT; };
		A1388A9A18BCC89E00C07F5E /* DevCamp-Info.plist */ = {isa = PBXFileReference; lastKnownFileType = text.plist.xml; path = "DevCamp-Info.plist"; sourceTree = "<group>"; };
		A1388A9C18BCC89E00C07F5E /* en */ = {isa = PBXFileReference; lastKnownFileType = text.plist.strings; name = en; path = en.lproj/InfoPlist.strings; sourceTree = "<group>"; };
		A1388A9E18BCC89E00C07F5E /* main.m */ = {isa = PBXFileReference; lastKnownFileType = sourcecode.c.objc; path = main.m; sourceTree = "<group>"; };
		A1388AA018BCC89E00C07F5E /* DevCamp-Prefix.pch */ = {isa = PBXFileReference; lastKnownFileType = sourcecode.c.h; path = "DevCamp-Prefix.pch"; sourceTree = "<group>"; };
		A1388AA118BCC89E00C07F5E /* AppDelegate.h */ = {isa = PBXFileReference; lastKnownFileType = sourcecode.c.h; path = AppDelegate.h; sourceTree = "<group>"; };
		A1388AA218BCC89E00C07F5E /* AppDelegate.m */ = {isa = PBXFileReference; lastKnownFileType = sourcecode.c.objc; path = AppDelegate.m; sourceTree = "<group>"; };
		A1388AA518BCC89E00C07F5E /* Base */ = {isa = PBXFileReference; lastKnownFileType = file.storyboard; name = Base; path = Base.lproj/Main.storyboard; sourceTree = "<group>"; };
		A1388AAA18BCC89E00C07F5E /* Images.xcassets */ = {isa = PBXFileReference; lastKnownFileType = folder.assetcatalog; path = Images.xcassets; sourceTree = "<group>"; };
		A1388AB018BCC89F00C07F5E /* DevCampTests.xctest */ = {isa = PBXFileReference; explicitFileType = wrapper.cfbundle; includeInIndex = 0; path = DevCampTests.xctest; sourceTree = BUILT_PRODUCTS_DIR; };
		A1388AB118BCC89F00C07F5E /* XCTest.framework */ = {isa = PBXFileReference; lastKnownFileType = wrapper.framework; name = XCTest.framework; path = Library/Frameworks/XCTest.framework; sourceTree = DEVELOPER_DIR; };
		A1388AB918BCC89F00C07F5E /* DevCampTests-Info.plist */ = {isa = PBXFileReference; lastKnownFileType = text.plist.xml; path = "DevCampTests-Info.plist"; sourceTree = "<group>"; };
		A1388ABB18BCC89F00C07F5E /* en */ = {isa = PBXFileReference; lastKnownFileType = text.plist.strings; name = en; path = en.lproj/InfoPlist.strings; sourceTree = "<group>"; };
		A1388ABD18BCC89F00C07F5E /* DevCampTests.m */ = {isa = PBXFileReference; lastKnownFileType = sourcecode.c.objc; path = DevCampTests.m; sourceTree = "<group>"; };
		A1388AC718BCC92500C07F5E /* HomeViewController.h */ = {isa = PBXFileReference; fileEncoding = 4; lastKnownFileType = sourcecode.c.h; path = HomeViewController.h; sourceTree = "<group>"; };
		A1388AC818BCC92500C07F5E /* HomeViewController.m */ = {isa = PBXFileReference; fileEncoding = 4; lastKnownFileType = sourcecode.c.objc; path = HomeViewController.m; sourceTree = "<group>"; };
		A1388ACD18BCCC7500C07F5E /* MapKit.framework */ = {isa = PBXFileReference; lastKnownFileType = wrapper.framework; name = MapKit.framework; path = System/Library/Frameworks/MapKit.framework; sourceTree = SDKROOT; };
/* End PBXFileReference section */

/* Begin PBXFrameworksBuildPhase section */
		A1388A8C18BCC89E00C07F5E /* Frameworks */ = {
			isa = PBXFrameworksBuildPhase;
			buildActionMask = 2147483647;
			files = (
				A1388ACE18BCCC7500C07F5E /* MapKit.framework in Frameworks */,
				A1388A9518BCC89E00C07F5E /* CoreGraphics.framework in Frameworks */,
				A1388A9718BCC89E00C07F5E /* UIKit.framework in Frameworks */,
				A1388A9318BCC89E00C07F5E /* Foundation.framework in Frameworks */,
			);
			runOnlyForDeploymentPostprocessing = 0;
		};
		A1388AAD18BCC89F00C07F5E /* Frameworks */ = {
			isa = PBXFrameworksBuildPhase;
			buildActionMask = 2147483647;
			files = (
				A1388AB218BCC89F00C07F5E /* XCTest.framework in Frameworks */,
				A1388AB418BCC89F00C07F5E /* UIKit.framework in Frameworks */,
				A1388AB318BCC89F00C07F5E /* Foundation.framework in Frameworks */,
			);
			runOnlyForDeploymentPostprocessing = 0;
		};
/* End PBXFrameworksBuildPhase section */

/* Begin PBXGroup section */
		A1388A8618BCC89E00C07F5E = {
			isa = PBXGroup;
			children = (
				A1388A9818BCC89E00C07F5E /* DevCamp */,
				A1388AB718BCC89F00C07F5E /* DevCampTests */,
				A1388A9118BCC89E00C07F5E /* Frameworks */,
				A1388A9018BCC89E00C07F5E /* Products */,
			);
			sourceTree = "<group>";
		};
		A1388A9018BCC89E00C07F5E /* Products */ = {
			isa = PBXGroup;
			children = (
				A1388A8F18BCC89E00C07F5E /* DevCamp.app */,
				A1388AB018BCC89F00C07F5E /* DevCampTests.xctest */,
			);
			name = Products;
			sourceTree = "<group>";
		};
		A1388A9118BCC89E00C07F5E /* Frameworks */ = {
			isa = PBXGroup;
			children = (
				A1388ACD18BCCC7500C07F5E /* MapKit.framework */,
				A1388A9218BCC89E00C07F5E /* Foundation.framework */,
				A1388A9418BCC89E00C07F5E /* CoreGraphics.framework */,
				A1388A9618BCC89E00C07F5E /* UIKit.framework */,
				A1388AB118BCC89F00C07F5E /* XCTest.framework */,
			);
			name = Frameworks;
			sourceTree = "<group>";
		};
		A1388A9818BCC89E00C07F5E /* DevCamp */ = {
			isa = PBXGroup;
			children = (
				A1388AA118BCC89E00C07F5E /* AppDelegate.h */,
				A1388AA218BCC89E00C07F5E /* AppDelegate.m */,
				A1388AA418BCC89E00C07F5E /* Main.storyboard */,
				A1388AC718BCC92500C07F5E /* HomeViewController.h */,
				A1388AC818BCC92500C07F5E /* HomeViewController.m */,
				A1388AAA18BCC89E00C07F5E /* Images.xcassets */,
				A1388A9918BCC89E00C07F5E /* Supporting Files */,
			);
			path = DevCamp;
			sourceTree = "<group>";
		};
		A1388A9918BCC89E00C07F5E /* Supporting Files */ = {
			isa = PBXGroup;
			children = (
				A1388A9A18BCC89E00C07F5E /* DevCamp-Info.plist */,
				A1388A9B18BCC89E00C07F5E /* InfoPlist.strings */,
				A1388A9E18BCC89E00C07F5E /* main.m */,
				A1388AA018BCC89E00C07F5E /* DevCamp-Prefix.pch */,
			);
			name = "Supporting Files";
			sourceTree = "<group>";
		};
		A1388AB718BCC89F00C07F5E /* DevCampTests */ = {
			isa = PBXGroup;
			children = (
				A1388ABD18BCC89F00C07F5E /* DevCampTests.m */,
				A1388AB818BCC89F00C07F5E /* Supporting Files */,
			);
			path = DevCampTests;
			sourceTree = "<group>";
		};
		A1388AB818BCC89F00C07F5E /* Supporting Files */ = {
			isa = PBXGroup;
			children = (
				A1388AB918BCC89F00C07F5E /* DevCampTests-Info.plist */,
				A1388ABA18BCC89F00C07F5E /* InfoPlist.strings */,
			);
			name = "Supporting Files";
			sourceTree = "<group>";
		};
/* End PBXGroup section */

/* Begin PBXNativeTarget section */
		A1388A8E18BCC89E00C07F5E /* DevCamp */ = {
			isa = PBXNativeTarget;
			buildConfigurationList = A1388AC118BCC89F00C07F5E /* Build configuration list for PBXNativeTarget "DevCamp" */;
			buildPhases = (
				A1388A8B18BCC89E00C07F5E /* Sources */,
				A1388A8C18BCC89E00C07F5E /* Frameworks */,
				A1388A8D18BCC89E00C07F5E /* Resources */,
			);
			buildRules = (
			);
			dependencies = (
			);
			name = DevCamp;
			productName = DevCamp;
			productReference = A1388A8F18BCC89E00C07F5E /* DevCamp.app */;
			productType = "com.apple.product-type.application";
		};
		A1388AAF18BCC89F00C07F5E /* DevCampTests */ = {
			isa = PBXNativeTarget;
			buildConfigurationList = A1388AC418BCC89F00C07F5E /* Build configuration list for PBXNativeTarget "DevCampTests" */;
			buildPhases = (
				A1388AAC18BCC89F00C07F5E /* Sources */,
				A1388AAD18BCC89F00C07F5E /* Frameworks */,
				A1388AAE18BCC89F00C07F5E /* Resources */,
			);
			buildRules = (
			);
			dependencies = (
				A1388AB618BCC89F00C07F5E /* PBXTargetDependency */,
			);
			name = DevCampTests;
			productName = DevCampTests;
			productReference = A1388AB018BCC89F00C07F5E /* DevCampTests.xctest */;
			productType = "com.apple.product-type.bundle.unit-test";
		};
/* End PBXNativeTarget section */

/* Begin PBXProject section */
		A1388A8718BCC89E00C07F5E /* Project object */ = {
			isa = PBXProject;
			attributes = {
				LastUpgradeCheck = 0500;
				ORGANIZATIONNAME = "Rizki Calame";
				TargetAttributes = {
					A1388AAF18BCC89F00C07F5E = {
						TestTargetID = A1388A8E18BCC89E00C07F5E;
					};
				};
			};
			buildConfigurationList = A1388A8A18BCC89E00C07F5E /* Build configuration list for PBXProject "DevCamp" */;
			compatibilityVersion = "Xcode 3.2";
			developmentRegion = English;
			hasScannedForEncodings = 0;
			knownRegions = (
				en,
				Base,
			);
			mainGroup = A1388A8618BCC89E00C07F5E;
			productRefGroup = A1388A9018BCC89E00C07F5E /* Products */;
			projectDirPath = "";
			projectRoot = "";
			targets = (
				A1388A8E18BCC89E00C07F5E /* DevCamp */,
				A1388AAF18BCC89F00C07F5E /* DevCampTests */,
			);
		};
/* End PBXProject section */

/* Begin PBXResourcesBuildPhase section */
		A1388A8D18BCC89E00C07F5E /* Resources */ = {
			isa = PBXResourcesBuildPhase;
			buildActionMask = 2147483647;
			files = (
				A1388AAB18BCC89E00C07F5E /* Images.xcassets in Resources */,
				A1388A9D18BCC89E00C07F5E /* InfoPlist.strings in Resources */,
				A1388AA618BCC89E00C07F5E /* Main.storyboard in Resources */,
			);
			runOnlyForDeploymentPostprocessing = 0;
		};
		A1388AAE18BCC89F00C07F5E /* Resources */ = {
			isa = PBXResourcesBuildPhase;
			buildActionMask = 2147483647;
			files = (
				A1388ABC18BCC89F00C07F5E /* InfoPlist.strings in Resources */,
			);
			runOnlyForDeploymentPostprocessing = 0;
		};
/* End PBXResourcesBuildPhase section */

/* Begin PBXSourcesBuildPhase section */
		A1388A8B18BCC89E00C07F5E /* Sources */ = {
			isa = PBXSourcesBuildPhase;
			buildActionMask = 2147483647;
			files = (
				A1388AA318BCC89E00C07F5E /* AppDelegate.m in Sources */,
				A1388A9F18BCC89E00C07F5E /* main.m in Sources */,
				A1388AC918BCC92500C07F5E /* HomeViewController.m in Sources */,
			);
			runOnlyForDeploymentPostprocessing = 0;
		};
		A1388AAC18BCC89F00C07F5E /* Sources */ = {
			isa = PBXSourcesBuildPhase;
			buildActionMask = 2147483647;
			files = (
				A1388ABE18BCC89F00C07F5E /* DevCampTests.m in Sources */,
			);
			runOnlyForDeploymentPostprocessing = 0;
		};
/* End PBXSourcesBuildPhase section */

/* Begin PBXTargetDependency section */
		A1388AB618BCC89F00C07F5E /* PBXTargetDependency */ = {
			isa = PBXTargetDependency;
			target = A1388A8E18BCC89E00C07F5E /* DevCamp */;
			targetProxy = A1388AB518BCC89F00C07F5E /* PBXContainerItemProxy */;
		};
/* End PBXTargetDependency section */

/* Begin PBXVariantGroup section */
		A1388A9B18BCC89E00C07F5E /* InfoPlist.strings */ = {
			isa = PBXVariantGroup;
			children = (
				A1388A9C18BCC89E00C07F5E /* en */,
			);
			name = InfoPlist.strings;
			sourceTree = "<group>";
		};
		A1388AA418BCC89E00C07F5E /* Main.storyboard */ = {
			isa = PBXVariantGroup;
			children = (
				A1388AA518BCC89E00C07F5E /* Base */,
			);
			name = Main.storyboard;
			sourceTree = "<group>";
		};
		A1388ABA18BCC89F00C07F5E /* InfoPlist.strings */ = {
			isa = PBXVariantGroup;
			children = (
				A1388ABB18BCC89F00C07F5E /* en */,
			);
			name = InfoPlist.strings;
			sourceTree = "<group>";
		};
/* End PBXVariantGroup section */

/* Begin XCBuildConfiguration section */
		A1388ABF18BCC89F00C07F5E /* Debug */ = {
			isa = XCBuildConfiguration;
			buildSettings = {
				ALWAYS_SEARCH_USER_PATHS = NO;
				ARCHS = "$(ARCHS_STANDARD_INCLUDING_64_BIT)";
				CLANG_CXX_LANGUAGE_STANDARD = "gnu++0x";
				CLANG_CXX_LIBRARY = "libc++";
				CLANG_ENABLE_MODULES = YES;
				CLANG_ENABLE_OBJC_ARC = YES;
				CLANG_WARN_BOOL_CONVERSION = YES;
				CLANG_WARN_CONSTANT_CONVERSION = YES;
				CLANG_WARN_DIRECT_OBJC_ISA_USAGE = YES_ERROR;
				CLANG_WARN_EMPTY_BODY = YES;
				CLANG_WARN_ENUM_CONVERSION = YES;
				CLANG_WARN_INT_CONVERSION = YES;
				CLANG_WARN_OBJC_ROOT_CLASS = YES_ERROR;
				CLANG_WARN__DUPLICATE_METHOD_MATCH = YES;
				"CODE_SIGN_IDENTITY[sdk=iphoneos*]" = "iPhone Developer";
				COPY_PHASE_STRIP = NO;
				GCC_C_LANGUAGE_STANDARD = gnu99;
				GCC_DYNAMIC_NO_PIC = NO;
				GCC_OPTIMIZATION_LEVEL = 0;
				GCC_PREPROCESSOR_DEFINITIONS = (
					"DEBUG=1",
					"$(inherited)",
				);
				GCC_SYMBOLS_PRIVATE_EXTERN = NO;
				GCC_WARN_64_TO_32_BIT_CONVERSION = YES;
				GCC_WARN_ABOUT_RETURN_TYPE = YES_ERROR;
				GCC_WARN_UNDECLARED_SELECTOR = YES;
				GCC_WARN_UNINITIALIZED_AUTOS = YES;
				GCC_WARN_UNUSED_FUNCTION = YES;
				GCC_WARN_UNUSED_VARIABLE = YES;
				IPHONEOS_DEPLOYMENT_TARGET = 7.0;
				ONLY_ACTIVE_ARCH = YES;
				SDKROOT = iphoneos;
			};
			name = Debug;
		};
		A1388AC018BCC89F00C07F5E /* Release */ = {
			isa = XCBuildConfiguration;
			buildSettings = {
				ALWAYS_SEARCH_USER_PATHS = NO;
				ARCHS = "$(ARCHS_STANDARD_INCLUDING_64_BIT)";
				CLANG_CXX_LANGUAGE_STANDARD = "gnu++0x";
				CLANG_CXX_LIBRARY = "libc++";
				CLANG_ENABLE_MODULES = YES;
				CLANG_ENABLE_OBJC_ARC = YES;
				CLANG_WARN_BOOL_CONVERSION = YES;
				CLANG_WARN_CONSTANT_CONVERSION = YES;
				CLANG_WARN_DIRECT_OBJC_ISA_USAGE = YES_ERROR;
				CLANG_WARN_EMPTY_BODY = YES;
				CLANG_WARN_ENUM_CONVERSION = YES;
				CLANG_WARN_INT_CONVERSION = YES;
				CLANG_WARN_OBJC_ROOT_CLASS = YES_ERROR;
				CLANG_WARN__DUPLICATE_METHOD_MATCH = YES;
				"CODE_SIGN_IDENTITY[sdk=iphoneos*]" = "iPhone Developer";
				COPY_PHASE_STRIP = YES;
				ENABLE_NS_ASSERTIONS = NO;
				GCC_C_LANGUAGE_STANDARD = gnu99;
				GCC_WARN_64_TO_32_BIT_CONVERSION = YES;
				GCC_WARN_ABOUT_RETURN_TYPE = YES_ERROR;
				GCC_WARN_UNDECLARED_SELECTOR = YES;
				GCC_WARN_UNINITIALIZED_AUTOS = YES;
				GCC_WARN_UNUSED_FUNCTION = YES;
				GCC_WARN_UNUSED_VARIABLE = YES;
				IPHONEOS_DEPLOYMENT_TARGET = 7.0;
				SDKROOT = iphoneos;
				VALIDATE_PRODUCT = YES;
			};
			name = Release;
		};
		A1388AC218BCC89F00C07F5E /* Debug */ = {
			isa = XCBuildConfiguration;
			buildSettings = {
				ASSETCATALOG_COMPILER_APPICON_NAME = AppIcon;
				ASSETCATALOG_COMPILER_LAUNCHIMAGE_NAME = LaunchImage;
				GCC_PRECOMPILE_PREFIX_HEADER = YES;
				GCC_PREFIX_HEADER = "DevCamp/DevCamp-Prefix.pch";
				INFOPLIST_FILE = "DevCamp/DevCamp-Info.plist";
				PRODUCT_NAME = "$(TARGET_NAME)";
				WRAPPER_EXTENSION = app;
			};
			name = Debug;
		};
		A1388AC318BCC89F00C07F5E /* Release */ = {
			isa = XCBuildConfiguration;
			buildSettings = {
				ASSETCATALOG_COMPILER_APPICON_NAME = AppIcon;
				ASSETCATALOG_COMPILER_LAUNCHIMAGE_NAME = LaunchImage;
				GCC_PRECOMPILE_PREFIX_HEADER = YES;
				GCC_PREFIX_HEADER = "DevCamp/DevCamp-Prefix.pch";
				INFOPLIST_FILE = "DevCamp/DevCamp-Info.plist";
				PRODUCT_NAME = "$(TARGET_NAME)";
				WRAPPER_EXTENSION = app;
			};
			name = Release;
		};
		A1388AC518BCC89F00C07F5E /* Debug */ = {
			isa = XCBuildConfiguration;
			buildSettings = {
				ARCHS = "$(ARCHS_STANDARD_INCLUDING_64_BIT)";
				BUNDLE_LOADER = "$(BUILT_PRODUCTS_DIR)/DevCamp.app/DevCamp";
				FRAMEWORK_SEARCH_PATHS = (
					"$(SDKROOT)/Developer/Library/Frameworks",
					"$(inherited)",
					"$(DEVELOPER_FRAMEWORKS_DIR)",
				);
				GCC_PRECOMPILE_PREFIX_HEADER = YES;
				GCC_PREFIX_HEADER = "DevCamp/DevCamp-Prefix.pch";
				GCC_PREPROCESSOR_DEFINITIONS = (
					"DEBUG=1",
					"$(inherited)",
				);
				INFOPLIST_FILE = "DevCampTests/DevCampTests-Info.plist";
				PRODUCT_NAME = "$(TARGET_NAME)";
				TEST_HOST = "$(BUNDLE_LOADER)";
				WRAPPER_EXTENSION = xctest;
			};
			name = Debug;
		};
		A1388AC618BCC89F00C07F5E /* Release */ = {
			isa = XCBuildConfiguration;
			buildSettings = {
				ARCHS = "$(ARCHS_STANDARD_INCLUDING_64_BIT)";
				BUNDLE_LOADER = "$(BUILT_PRODUCTS_DIR)/DevCamp.app/DevCamp";
				FRAMEWORK_SEARCH_PATHS = (
					"$(SDKROOT)/Developer/Library/Frameworks",
					"$(inherited)",
					"$(DEVELOPER_FRAMEWORKS_DIR)",
				);
				GCC_PRECOMPILE_PREFIX_HEADER = YES;
				GCC_PREFIX_HEADER = "DevCamp/DevCamp-Prefix.pch";
				INFOPLIST_FILE = "DevCampTests/DevCampTests-Info.plist";
				PRODUCT_NAME = "$(TARGET_NAME)";
				TEST_HOST = "$(BUNDLE_LOADER)";
				WRAPPER_EXTENSION = xctest;
			};
			name = Release;
		};
/* End XCBuildConfiguration section */

/* Begin XCConfigurationList section */
		A1388A8A18BCC89E00C07F5E /* Build configuration list for PBXProject "DevCamp" */ = {
			isa = XCConfigurationList;
			buildConfigurations = (
				A1388ABF18BCC89F00C07F5E /* Debug */,
				A1388AC018BCC89F00C07F5E /* Release */,
			);
			defaultConfigurationIsVisible = 0;
			defaultConfigurationName = Release;
		};
		A1388AC118BCC89F00C07F5E /* Build configuration list for PBXNativeTarget "DevCamp" */ = {
			isa = XCConfigurationList;
			buildConfigurations = (
				A1388AC218BCC89F00C07F5E /* Debug */,
				A1388AC318BCC89F00C07F5E /* Release */,
			);
			defaultConfigurationIsVisible = 0;
		};
		A1388AC418BCC89F00C07F5E /* Build configuration list for PBXNativeTarget "DevCampTests" */ = {
			isa = XCConfigurationList;
			buildConfigurations = (
				A1388AC518BCC89F00C07F5E /* Debug */,
				A1388AC618BCC89F00C07F5E /* Release */,
			);
			defaultConfigurationIsVisible = 0;
		};
/* End XCConfigurationList section */
	};
	rootObject = A1388A8718BCC89E00C07F5E /* Project object */;
}
